
Microsoft Visual Studio Solution File, Format Version 12.00
# Visual Studio Version 16
VisualStudioVersion = 16.0.810.12
MinimumVisualStudioVersion = 10.0.40219.1
Project("{FAE04EC0-301F-11D3-BF4B-00C04F79EFBC}") = "FinalWorkWithFiles", "FinalWorkWithFiles\FinalWorkWithFiles.csproj", "{298DC87F-0BA9-4B09-898F-72DF7F04A14A}"
EndProject
Global
	GlobalSection(SolutionConfigurationPlatforms) = preSolution
		Debug|Any CPU = Debug|Any CPU
		Release|Any CPU = Release|Any CPU
	EndGlobalSection
	GlobalSection(ProjectConfigurationPlatforms) = postSolution
		{298DC87F-0BA9-4B09-898F-72DF7F04A14A}.Debug|Any CPU.ActiveCfg = Debug|Any CPU
		{298DC87F-0BA9-4B09-898F-72DF7F04A14A}.Debug|Any CPU.Build.0 = Debug|Any CPU
		{298DC87F-0BA9-4B09-898F-72DF7F04A14A}.Release|Any CPU.ActiveCfg = Release|Any CPU
		{298DC87F-0BA9-4B09-898F-72DF7F04A14A}.Release|Any CPU.Build.0 = Release|Any CPU
	EndGlobalSection
	GlobalSection(SolutionProperties) = preSolution
		HideSolutionNode = FALSE
	EndGlobalSection
	GlobalSection(ExtensibilityGlobals) = postSolution
		SolutionGuid = {86F4C9FB-0E35-4561-991A-12086A250EC8}
	EndGlobalSection
EndGlobal
